Microsoft Visual Studio Solution File, Format Version 12.00
# Visual Studio Version 17
VisualStudioVersion = 17.5.2.0
MinimumVisualStudioVersion = 10.0.40219.1
Project("{FAE04EC0-301F-11D3-BF4B-00C04F79EFBC}") = "4.game_exercise", "4.game_exercise.csproj", "{583D6D81-A232-0F0B-D196-0D1166951B0E}"
EndProject
Global
	GlobalSection(SolutionConfigurationPlatforms) = preSolution
		Debug|Any CPU = Debug|Any CPU
		Release|Any CPU = Release|Any CPU
	EndGlobalSection
	GlobalSection(ProjectConfigurationPlatforms) = postSolution
		{583D6D81-A232-0F0B-D196-0D1166951B0E}.Debug|Any CPU.ActiveCfg = Debug|Any CPU
		{583D6D81-A232-0F0B-D196-0D1166951B0E}.Debug|Any CPU.Build.0 = Debug|Any CPU
		{583D6D81-A232-0F0B-D196-0D1166951B0E}.Release|Any CPU.ActiveCfg = Release|Any CPU
		{583D6D81-A232-0F0B-D196-0D1166951B0E}.Release|Any CPU.Build.0 = Release|Any CPU
	EndGlobalSection
	GlobalSection(SolutionProperties) = preSolution
		HideSolutionNode = FALSE
	EndGlobalSection
	GlobalSection(ExtensibilityGlobals) = postSolution
		SolutionGuid = {1BCE784A-2543-4154-BEDA-26ECDCD9CA2F}
	EndGlobalSection
EndGlobal
